
Microsoft Visual Studio Solution File, Format Version 12.00
# Visual Studio 15
VisualStudioVersion = 15.0.28307.136
MinimumVisualStudioVersion = 10.0.40219.1
Project("{FAE04EC0-301F-11D3-BF4B-00C04F79EFBC}") = "OOP", "OOP\OOP.csproj", "{2C627373-950F-41D3-A428-F7AB63EFED0E}"
EndProject
Global
	GlobalSection(SolutionConfigurationPlatforms) = preSolution
		Debug|Any CPU = Debug|Any CPU
		Release|Any CPU = Release|Any CPU
	EndGlobalSection
	GlobalSection(ProjectConfigurationPlatforms) = postSolution
		{2C627373-950F-41D3-A428-F7AB63EFED0E}.Debug|Any CPU.ActiveCfg = Debug|Any CPU
		{2C627373-950F-41D3-A428-F7AB63EFED0E}.Debug|Any CPU.Build.0 = Debug|Any CPU
		{2C627373-950F-41D3-A428-F7AB63EFED0E}.Release|Any CPU.ActiveCfg = Release|Any CPU
		{2C627373-950F-41D3-A428-F7AB63EFED0E}.Release|Any CPU.Build.0 = Release|Any CPU
	EndGlobalSection
	GlobalSection(SolutionProperties) = preSolution
		HideSolutionNode = FALSE
	EndGlobalSection
	GlobalSection(ExtensibilityGlobals) = postSolution
		SolutionGuid = {B4416610-3CD5-4351-88E7-13BFD49F67DC}
	EndGlobalSection
EndGlobal
